// !$*UTF8*$!
{
	archiveVersion = 1;
	classes = {
	};
	objectVersion = 46;
	objects = {

/* Begin PBXBuildFile section */
		0B53B8571CAA58B5007A30AD /* LoginInteractor.swift in Sources */ = {isa = PBXBuildFile; fileRef = 0B53B8561CAA58B5007A30AD /* LoginInteractor.swift */; };
		0B53B8591CAA58C0007A30AD /* LoginInteractorProtocol.swift in Sources */ = {isa = PBXBuildFile; fileRef = 0B53B8581CAA58C0007A30AD /* LoginInteractorProtocol.swift */; };
		0B53B85B1CAA5A10007A30AD /* InteractorAssembly.swift in Sources */ = {isa = PBXBuildFile; fileRef = 0B53B85A1CAA5A10007A30AD /* InteractorAssembly.swift */; };
		0B53B85E1CAA5EFB007A30AD /* Session.swift in Sources */ = {isa = PBXBuildFile; fileRef = 0B53B85D1CAA5EFB007A30AD /* Session.swift */; };
		0B53B8601CAA6018007A30AD /* Account.swift in Sources */ = {isa = PBXBuildFile; fileRef = 0B53B85F1CAA6018007A30AD /* Account.swift */; };
		0B53B8621CAA606C007A30AD /* LoginSession.swift in Sources */ = {isa = PBXBuildFile; fileRef = 0B53B8611CAA606C007A30AD /* LoginSession.swift */; };
		0B53B8651CAA615D007A30AD /* MapperHelper.swift in Sources */ = {isa = PBXBuildFile; fileRef = 0B53B8641CAA615D007A30AD /* MapperHelper.swift */; };
		0B53B8671CAA6293007A30AD /* HelperAssembly.swift in Sources */ = {isa = PBXBuildFile; fileRef = 0B53B8661CAA6293007A30AD /* HelperAssembly.swift */; };
		0B5D462F1CAA87A900BCF201 /* MapViewController.swift in Sources */ = {isa = PBXBuildFile; fileRef = 0B5D462E1CAA87A900BCF201 /* MapViewController.swift */; };
		0B5D46311CAA87B700BCF201 /* MapPresenter.swift in Sources */ = {isa = PBXBuildFile; fileRef = 0B5D46301CAA87B700BCF201 /* MapPresenter.swift */; };
		0B5D46361CAA89A800BCF201 /* LogoutInteractor.swift in Sources */ = {isa = PBXBuildFile; fileRef = 0B5D46351CAA89A800BCF201 /* LogoutInteractor.swift */; };
		0B5D46381CAA89B100BCF201 /* LogoutInteractorProtocol.swift in Sources */ = {isa = PBXBuildFile; fileRef = 0B5D46371CAA89B100BCF201 /* LogoutInteractorProtocol.swift */; };
		0B5D463A1CAA91A400BCF201 /* MapKit.framework in Frameworks */ = {isa = PBXBuildFile; fileRef = 0B5D46391CAA91A400BCF201 /* MapKit.framework */; };
		0B5D463C1CAA938300BCF201 /* LogoutSession.swift in Sources */ = {isa = PBXBuildFile; fileRef = 0B5D463B1CAA938300BCF201 /* LogoutSession.swift */; };
		0B5D463F1CAA98A100BCF201 /* StudentLocationsInteractor.swift in Sources */ = {isa = PBXBuildFile; fileRef = 0B5D463E1CAA98A100BCF201 /* StudentLocationsInteractor.swift */; };
		0B5D46411CAA98AC00BCF201 /* StudentLocationsInteractorProtocol.swift in Sources */ = {isa = PBXBuildFile; fileRef = 0B5D46401CAA98AC00BCF201 /* StudentLocationsInteractorProtocol.swift */; };
		0B5D46431CAA994A00BCF201 /* StudentLocation.swift in Sources */ = {isa = PBXBuildFile; fileRef = 0B5D46421CAA994A00BCF201 /* StudentLocation.swift */; };
		0B5D46451CAA9AB100BCF201 /* StudentLocationsResponse.swift in Sources */ = {isa = PBXBuildFile; fileRef = 0B5D46441CAA9AB100BCF201 /* StudentLocationsResponse.swift */; };
		0B5D46481CAAA8DC00BCF201 /* ListViewController.swift in Sources */ = {isa = PBXBuildFile; fileRef = 0B5D46471CAAA8DC00BCF201 /* ListViewController.swift */; };
		0B5FE5811CA9676C003624FB /* RequestClient.swift in Sources */ = {isa = PBXBuildFile; fileRef = 0B5FE5801CA9676C003624FB /* RequestClient.swift */; };
		0B5FE5851CA968A6003624FB /* LoginDTO.swift in Sources */ = {isa = PBXBuildFile; fileRef = 0B5FE5841CA968A6003624FB /* LoginDTO.swift */; };
		0B5FE5871CA9695D003624FB /* URLEndpoint.swift in Sources */ = {isa = PBXBuildFile; fileRef = 0B5FE5861CA9695D003624FB /* URLEndpoint.swift */; };
		0B5FE5891CA969AD003624FB /* URLProvider.swift in Sources */ = {isa = PBXBuildFile; fileRef = 0B5FE5881CA969AD003624FB /* URLProvider.swift */; };
		0B6A80541CAC12FA000AB2F3 /* LocationViewController.swift in Sources */ = {isa = PBXBuildFile; fileRef = 0B6A80531CAC12FA000AB2F3 /* LocationViewController.swift */; };
		0B6A80561CAC15E1000AB2F3 /* CoreLocation.framework in Frameworks */ = {isa = PBXBuildFile; fileRef = 0B6A80551CAC15E1000AB2F3 /* CoreLocation.framework */; };
		0B6A80591CAC17F4000AB2F3 /* LinkViewController.swift in Sources */ = {isa = PBXBuildFile; fileRef = 0B6A80581CAC17F4000AB2F3 /* LinkViewController.swift */; };
		0BA5623F1CA9096F009904C1 /* AppDelegate.swift in Sources */ = {isa = PBXBuildFile; fileRef = 0BA5623E1CA9096F009904C1 /* AppDelegate.swift */; };
		0BA562441CA9096F009904C1 /* Main.storyboard in Resources */ = {isa = PBXBuildFile; fileRef = 0BA562421CA9096F009904C1 /* Main.storyboard */; };
		0BA562461CA9096F009904C1 /* Assets.xcassets in Resources */ = {isa = PBXBuildFile; fileRef = 0BA562451CA9096F009904C1 /* Assets.xcassets */; };
		0BA562491CA9096F009904C1 /* LaunchScreen.storyboard in Resources */ = {isa = PBXBuildFile; fileRef = 0BA562471CA9096F009904C1 /* LaunchScreen.storyboard */; };
		0BA562541CA95387009904C1 /* ControllerAssembly.swift in Sources */ = {isa = PBXBuildFile; fileRef = 0BA562531CA95387009904C1 /* ControllerAssembly.swift */; };
		0BA562581CA95433009904C1 /* LoginViewController.swift in Sources */ = {isa = PBXBuildFile; fileRef = 0BA562571CA95433009904C1 /* LoginViewController.swift */; };
		0BA5625A1CA95451009904C1 /* LoginPresenter.swift in Sources */ = {isa = PBXBuildFile; fileRef = 0BA562591CA95451009904C1 /* LoginPresenter.swift */; };
		0BA5625C1CA9545C009904C1 /* LoginPresenterProtocol.swift in Sources */ = {isa = PBXBuildFile; fileRef = 0BA5625B1CA9545C009904C1 /* LoginPresenterProtocol.swift */; };
		8C9C690063A474B5F338AD3E /* Pods_OnTheMap.framework in Frameworks */ = {isa = PBXBuildFile; fileRef = 129F4658FAD0D703BF3A05FF /* Pods_OnTheMap.framework */; };
/* End PBXBuildFile section */

/* Begin PBXFileReference section */
		0B53B8561CAA58B5007A30AD /* LoginInteractor.swift */ = {isa = PBXFileReference; fileEncoding = 4; lastKnownFileType = sourcecode.swift; path = LoginInteractor.swift; sourceTree = "<group>"; };
		0B53B8581CAA58C0007A30AD /* LoginInteractorProtocol.swift */ = {isa = PBXFileReference; fileEncoding = 4; lastKnownFileType = sourcecode.swift; path = LoginInteractorProtocol.swift; sourceTree = "<group>"; };
		0B53B85A1CAA5A10007A30AD /* InteractorAssembly.swift */ = {isa = PBXFileReference; fileEncoding = 4; lastKnownFileType = sourcecode.swift; path = InteractorAssembly.swift; sourceTree = "<group>"; };
		0B53B85D1CAA5EFB007A30AD /* Session.swift */ = {isa = PBXFileReference; fileEncoding = 4; lastKnownFileType = sourcecode.swift; path = Session.swift; sourceTree = "<group>"; };
		0B53B85F1CAA6018007A30AD /* Account.swift */ = {isa = PBXFileReference; fileEncoding = 4; lastKnownFileType = sourcecode.swift; path = Account.swift; sourceTree = "<group>"; };
		0B53B8611CAA606C007A30AD /* LoginSession.swift */ = {isa = PBXFileReference; fileEncoding = 4; lastKnownFileType = sourcecode.swift; path = LoginSession.swift; sourceTree = "<group>"; };
		0B53B8641CAA615D007A30AD /* MapperHelper.swift */ = {isa = PBXFileReference; fileEncoding = 4; lastKnownFileType = sourcecode.swift; path = MapperHelper.swift; sourceTree = "<group>"; };
		0B53B8661CAA6293007A30AD /* HelperAssembly.swift */ = {isa = PBXFileReference; fileEncoding = 4; lastKnownFileType = sourcecode.swift; path = HelperAssembly.swift; sourceTree = "<group>"; };
		0B5D462E1CAA87A900BCF201 /* MapViewController.swift */ = {isa = PBXFileReference; fileEncoding = 4; lastKnownFileType = sourcecode.swift; path = MapViewController.swift; sourceTree = "<group>"; };
		0B5D46301CAA87B700BCF201 /* MapPresenter.swift */ = {isa = PBXFileReference; fileEncoding = 4; lastKnownFileType = sourcecode.swift; path = MapPresenter.swift; sourceTree = "<group>"; };
		0B5D46351CAA89A800BCF201 /* LogoutInteractor.swift */ = {isa = PBXFileReference; fileEncoding = 4; lastKnownFileType = sourcecode.swift; path = LogoutInteractor.swift; sourceTree = "<group>"; };
		0B5D46371CAA89B100BCF201 /* LogoutInteractorProtocol.swift */ = {isa = PBXFileReference; fileEncoding = 4; lastKnownFileType = sourcecode.swift; path = LogoutInteractorProtocol.swift; sourceTree = "<group>"; };
		0B5D46391CAA91A400BCF201 /* MapKit.framework */ = {isa = PBXFileReference; lastKnownFileType = wrapper.framework; name = MapKit.framework; path = System/Library/Frameworks/MapKit.framework; sourceTree = SDKROOT; };
		0B5D463B1CAA938300BCF201 /* LogoutSession.swift */ = {isa = PBXFileReference; fileEncoding = 4; lastKnownFileType = sourcecode.swift; path = LogoutSession.swift; sourceTree = "<group>"; };
		0B5D463E1CAA98A100BCF201 /* StudentLocationsInteractor.swift */ = {isa = PBXFileReference; fileEncoding = 4; lastKnownFileType = sourcecode.swift; path = StudentLocationsInteractor.swift; sourceTree = "<group>"; };
		0B5D46401CAA98AC00BCF201 /* StudentLocationsInteractorProtocol.swift */ = {isa = PBXFileReference; fileEncoding = 4; lastKnownFileType = sourcecode.swift; path = StudentLocationsInteractorProtocol.swift; sourceTree = "<group>"; };
		0B5D46421CAA994A00BCF201 /* StudentLocation.swift */ = {isa = PBXFileReference; fileEncoding = 4; lastKnownFileType = sourcecode.swift; path = StudentLocation.swift; sourceTree = "<group>"; };
		0B5D46441CAA9AB100BCF201 /* StudentLocationsResponse.swift */ = {isa = PBXFileReference; fileEncoding = 4; lastKnownFileType = sourcecode.swift; path = StudentLocationsResponse.swift; sourceTree = "<group>"; };
		0B5D46471CAAA8DC00BCF201 /* ListViewController.swift */ = {isa = PBXFileReference; fileEncoding = 4; lastKnownFileType = sourcecode.swift; path = ListViewController.swift; sourceTree = "<group>"; };
		0B5FE5801CA9676C003624FB /* RequestClient.swift */ = {isa = PBXFileReference; fileEncoding = 4; lastKnownFileType = sourcecode.swift; path = RequestClient.swift; sourceTree = "<group>"; };
		0B5FE5841CA968A6003624FB /* LoginDTO.swift */ = {isa = PBXFileReference; fileEncoding = 4; lastKnownFileType = sourcecode.swift; path = LoginDTO.swift; sourceTree = "<group>"; };
		0B5FE5861CA9695D003624FB /* URLEndpoint.swift */ = {isa = PBXFileReference; fileEncoding = 4; lastKnownFileType = sourcecode.swift; path = URLEndpoint.swift; sourceTree = "<group>"; };
		0B5FE5881CA969AD003624FB /* URLProvider.swift */ = {isa = PBXFileReference; fileEncoding = 4; lastKnownFileType = sourcecode.swift; path = URLProvider.swift; sourceTree = "<group>"; };
		0B6A80531CAC12FA000AB2F3 /* LocationViewController.swift */ = {isa = PBXFileReference; fileEncoding = 4; lastKnownFileType = sourcecode.swift; path = LocationViewController.swift; sourceTree = "<group>"; };
		0B6A80551CAC15E1000AB2F3 /* CoreLocation.framework */ = {isa = PBXFileReference; lastKnownFileType = wrapper.framework; name = CoreLocation.framework; path = System/Library/Frameworks/CoreLocation.framework; sourceTree = SDKROOT; };
		0B6A80581CAC17F4000AB2F3 /* LinkViewController.swift */ = {isa = PBXFileReference; fileEncoding = 4; lastKnownFileType = sourcecode.swift; path = LinkViewController.swift; sourceTree = "<group>"; };
		0BA5623B1CA9096F009904C1 /* OnTheMap.app */ = {isa = PBXFileReference; explicitFileType = wrapper.application; includeInIndex = 0; path = OnTheMap.app; sourceTree = BUILT_PRODUCTS_DIR; };
		0BA5623E1CA9096F009904C1 /* AppDelegate.swift */ = {isa = PBXFileReference; lastKnownFileType = sourcecode.swift; path = AppDelegate.swift; sourceTree = "<group>"; };
		0BA562431CA9096F009904C1 /* Base */ = {isa = PBXFileReference; lastKnownFileType = file.storyboard; name = Base; path = Base.lproj/Main.storyboard; sourceTree = "<group>"; };
		0BA562451CA9096F009904C1 /* Assets.xcassets */ = {isa = PBXFileReference; lastKnownFileType = folder.assetcatalog; path = Assets.xcassets; sourceTree = "<group>"; };
		0BA562481CA9096F009904C1 /* Base */ = {isa = PBXFileReference; lastKnownFileType = file.storyboard; name = Base; path = Base.lproj/LaunchScreen.storyboard; sourceTree = "<group>"; };
		0BA5624A1CA9096F009904C1 /* Info.plist */ = {isa = PBXFileReference; lastKnownFileType = text.plist.xml; path = Info.plist; sourceTree = "<group>"; };
		0BA562531CA95387009904C1 /* ControllerAssembly.swift */ = {isa = PBXFileReference; fileEncoding = 4; lastKnownFileType = sourcecode.swift; path = ControllerAssembly.swift; sourceTree = "<group>"; };
		0BA562571CA95433009904C1 /* LoginViewController.swift */ = {isa = PBXFileReference; fileEncoding = 4; lastKnownFileType = sourcecode.swift; path = LoginViewController.swift; sourceTree = "<group>"; };
		0BA562591CA95451009904C1 /* LoginPresenter.swift */ = {isa = PBXFileReference; fileEncoding = 4; lastKnownFileType = sourcecode.swift; path = LoginPresenter.swift; sourceTree = "<group>"; };
		0BA5625B1CA9545C009904C1 /* LoginPresenterProtocol.swift */ = {isa = PBXFileReference; fileEncoding = 4; lastKnownFileType = sourcecode.swift; path = LoginPresenterProtocol.swift; sourceTree = "<group>"; };
		129F4658FAD0D703BF3A05FF /* Pods_OnTheMap.framework */ = {isa = PBXFileReference; explicitFileType = wrapper.framework; includeInIndex = 0; path = Pods_OnTheMap.framework; sourceTree = BUILT_PRODUCTS_DIR; };
		8B38097C72B8EA14971B94D2 /* Pods-OnTheMap.debug.xcconfig */ = {isa = PBXFileReference; includeInIndex = 1; lastKnownFileType = text.xcconfig; name = "Pods-OnTheMap.debug.xcconfig"; path = "Pods/Target Support Files/Pods-OnTheMap/Pods-OnTheMap.debug.xcconfig"; sourceTree = "<group>"; };
		A45BE7197C20D419381FE285 /* Pods-OnTheMap.release.xcconfig */ = {isa = PBXFileReference; includeInIndex = 1; lastKnownFileType = text.xcconfig; name = "Pods-OnTheMap.release.xcconfig"; path = "Pods/Target Support Files/Pods-OnTheMap/Pods-OnTheMap.release.xcconfig"; sourceTree = "<group>"; };
/* End PBXFileReference section */

/* Begin PBXFrameworksBuildPhase section */
		0BA562381CA9096F009904C1 /* Frameworks */ = {
			isa = PBXFrameworksBuildPhase;
			buildActionMask = 2147483647;
			files = (
				0B6A80561CAC15E1000AB2F3 /* CoreLocation.framework in Frameworks */,
				0B5D463A1CAA91A400BCF201 /* MapKit.framework in Frameworks */,
				8C9C690063A474B5F338AD3E /* Pods_OnTheMap.framework in Frameworks */,
			);
			runOnlyForDeploymentPostprocessing = 0;
		};
/* End PBXFrameworksBuildPhase section */

/* Begin PBXGroup section */
		0B53B8541CAA589E007A30AD /* Interactors */ = {
			isa = PBXGroup;
			children = (
				0B53B8551CAA58AA007A30AD /* Login */,
				0B5D46341CAA899B00BCF201 /* Logout */,
				0B5D463D1CAA989000BCF201 /* StudentLocations */,
			);
			path = Interactors;
			sourceTree = "<group>";
		};
		0B53B8551CAA58AA007A30AD /* Login */ = {
			isa = PBXGroup;
			children = (
				0B53B8561CAA58B5007A30AD /* LoginInteractor.swift */,
				0B53B8581CAA58C0007A30AD /* LoginInteractorProtocol.swift */,
			);
			path = Login;
			sourceTree = "<group>";
		};
		0B53B85C1CAA5EEE007A30AD /* Model */ = {
			isa = PBXGroup;
			children = (
				0B53B8611CAA606C007A30AD /* LoginSession.swift */,
				0B5D463B1CAA938300BCF201 /* LogoutSession.swift */,
				0B53B85F1CAA6018007A30AD /* Account.swift */,
				0B53B85D1CAA5EFB007A30AD /* Session.swift */,
				0B5D46441CAA9AB100BCF201 /* StudentLocationsResponse.swift */,
				0B5D46421CAA994A00BCF201 /* StudentLocation.swift */,
			);
			path = Model;
			sourceTree = "<group>";
		};
		0B53B8631CAA6152007A30AD /* MapperHelper */ = {
			isa = PBXGroup;
			children = (
				0B53B8641CAA615D007A30AD /* MapperHelper.swift */,
			);
			path = MapperHelper;
			sourceTree = "<group>";
		};
		0B5D462B1CAA878000BCF201 /* Map */ = {
			isa = PBXGroup;
			children = (
				0B5D462E1CAA87A900BCF201 /* MapViewController.swift */,
				0B5D46301CAA87B700BCF201 /* MapPresenter.swift */,
			);
			path = Map;
			sourceTree = "<group>";
		};
		0B5D46341CAA899B00BCF201 /* Logout */ = {
			isa = PBXGroup;
			children = (
				0B5D46351CAA89A800BCF201 /* LogoutInteractor.swift */,
				0B5D46371CAA89B100BCF201 /* LogoutInteractorProtocol.swift */,
			);
			path = Logout;
			sourceTree = "<group>";
		};
		0B5D463D1CAA989000BCF201 /* StudentLocations */ = {
			isa = PBXGroup;
			children = (
				0B5D463E1CAA98A100BCF201 /* StudentLocationsInteractor.swift */,
				0B5D46401CAA98AC00BCF201 /* StudentLocationsInteractorProtocol.swift */,
			);
			path = StudentLocations;
			sourceTree = "<group>";
		};
		0B5D46461CAAA8C700BCF201 /* List */ = {
			isa = PBXGroup;
			children = (
				0B5D46471CAAA8DC00BCF201 /* ListViewController.swift */,
			);
			path = List;
			sourceTree = "<group>";
		};
		0B5FE57C1CA964C4003624FB /* Helpers */ = {
			isa = PBXGroup;
			children = (
				0B53B8631CAA6152007A30AD /* MapperHelper */,
			);
			path = Helpers;
			sourceTree = "<group>";
		};
		0B5FE57D1CA964E2003624FB /* Data */ = {
			isa = PBXGroup;
			children = (
				0B5FE5861CA9695D003624FB /* URLEndpoint.swift */,
				0B5FE5881CA969AD003624FB /* URLProvider.swift */,
				0B53B8541CAA589E007A30AD /* Interactors */,
				0B5FE57F1CA9675A003624FB /* RequestClient */,
				0B5FE57E1CA96517003624FB /* DTO */,
			);
			path = Data;
			sourceTree = "<group>";
		};
		0B5FE57E1CA96517003624FB /* DTO */ = {
			isa = PBXGroup;
			children = (
				0B5FE5841CA968A6003624FB /* LoginDTO.swift */,
			);
			path = DTO;
			sourceTree = "<group>";
		};
		0B5FE57F1CA9675A003624FB /* RequestClient */ = {
			isa = PBXGroup;
			children = (
				0B5FE5801CA9676C003624FB /* RequestClient.swift */,
			);
			path = RequestClient;
			sourceTree = "<group>";
		};
		0B6A80521CAC12DE000AB2F3 /* Location */ = {
			isa = PBXGroup;
			children = (
				0B6A80531CAC12FA000AB2F3 /* LocationViewController.swift */,
			);
			path = Location;
			sourceTree = "<group>";
		};
		0B6A80571CAC17EA000AB2F3 /* Link */ = {
			isa = PBXGroup;
			children = (
				0B6A80581CAC17F4000AB2F3 /* LinkViewController.swift */,
			);
			path = Link;
			sourceTree = "<group>";
		};
		0BA562321CA9096F009904C1 = {
			isa = PBXGroup;
			children = (
				0BA5623D1CA9096F009904C1 /* OnTheMap */,
				0BA5623C1CA9096F009904C1 /* Products */,
				6B212C1FAD35BE131B46B68E /* Pods */,
				7CC84DC30E089BA1D934484F /* Frameworks */,
			);
			sourceTree = "<group>";
		};
		0BA5623C1CA9096F009904C1 /* Products */ = {
			isa = PBXGroup;
			children = (
				0BA5623B1CA9096F009904C1 /* OnTheMap.app */,
			);
			name = Products;
			sourceTree = "<group>";
		};
		0BA5623D1CA9096F009904C1 /* OnTheMap */ = {
			isa = PBXGroup;
			children = (
				0BA5623E1CA9096F009904C1 /* AppDelegate.swift */,
				0BA562521CA95376009904C1 /* Assembly */,
				0BA562551CA95415009904C1 /* Controllers */,
				0B5FE57D1CA964E2003624FB /* Data */,
				0B5FE57C1CA964C4003624FB /* Helpers */,
				0B53B85C1CAA5EEE007A30AD /* Model */,
				0BA562421CA9096F009904C1 /* Main.storyboard */,
				0BA562451CA9096F009904C1 /* Assets.xcassets */,
				0BA562471CA9096F009904C1 /* LaunchScreen.storyboard */,
				0BA5624A1CA9096F009904C1 /* Info.plist */,
			);
			path = OnTheMap;
			sourceTree = "<group>";
		};
		0BA562521CA95376009904C1 /* Assembly */ = {
			isa = PBXGroup;
			children = (
				0BA562531CA95387009904C1 /* ControllerAssembly.swift */,
				0B53B85A1CAA5A10007A30AD /* InteractorAssembly.swift */,
				0B53B8661CAA6293007A30AD /* HelperAssembly.swift */,
			);
			path = Assembly;
			sourceTree = "<group>";
		};
		0BA562551CA95415009904C1 /* Controllers */ = {
			isa = PBXGroup;
			children = (
				0BA562561CA95421009904C1 /* Login */,
				0B5D462B1CAA878000BCF201 /* Map */,
				0B5D46461CAAA8C700BCF201 /* List */,
				0B6A80521CAC12DE000AB2F3 /* Location */,
				0B6A80571CAC17EA000AB2F3 /* Link */,
			);
			path = Controllers;
			sourceTree = "<group>";
		};
		0BA562561CA95421009904C1 /* Login */ = {
			isa = PBXGroup;
			children = (
				0BA562571CA95433009904C1 /* LoginViewController.swift */,
				0BA562591CA95451009904C1 /* LoginPresenter.swift */,
				0BA5625B1CA9545C009904C1 /* LoginPresenterProtocol.swift */,
			);
			path = Login;
			sourceTree = "<group>";
		};
		6B212C1FAD35BE131B46B68E /* Pods */ = {
			isa = PBXGroup;
			children = (
				8B38097C72B8EA14971B94D2 /* Pods-OnTheMap.debug.xcconfig */,
				A45BE7197C20D419381FE285 /* Pods-OnTheMap.release.xcconfig */,
			);
			name = Pods;
			sourceTree = "<group>";
		};
		7CC84DC30E089BA1D934484F /* Frameworks */ = {
			isa = PBXGroup;
			children = (
				0B6A80551CAC15E1000AB2F3 /* CoreLocation.framework */,
				0B5D46391CAA91A400BCF201 /* MapKit.framework */,
				129F4658FAD0D703BF3A05FF /* Pods_OnTheMap.framework */,
			);
			name = Frameworks;
			sourceTree = "<group>";
		};
/* End PBXGroup section */

/* Begin PBXNativeTarget section */
		0BA5623A1CA9096F009904C1 /* OnTheMap */ = {
			isa = PBXNativeTarget;
			buildConfigurationList = 0BA5624D1CA9096F009904C1 /* Build configuration list for PBXNativeTarget "OnTheMap" */;
			buildPhases = (
				8626779076B9ADE833DAC0AD /* Check Pods Manifest.lock */,
				0BA562371CA9096F009904C1 /* Sources */,
				0BA562381CA9096F009904C1 /* Frameworks */,
				0BA562391CA9096F009904C1 /* Resources */,
				2F21F3E564E981C27100B8E9 /* Embed Pods Frameworks */,
				D9A8DA3DC30B1C989295C793 /* Copy Pods Resources */,
			);
			buildRules = (
			);
			dependencies = (
			);
			name = OnTheMap;
			productName = OnTheMap;
			productReference = 0BA5623B1CA9096F009904C1 /* OnTheMap.app */;
			productType = "com.apple.product-type.application";
		};
/* End PBXNativeTarget section */

/* Begin PBXProject section */
		0BA562331CA9096F009904C1 /* Project object */ = {
			isa = PBXProject;
			attributes = {
				LastSwiftUpdateCheck = 0730;
				LastUpgradeCheck = 0730;
				ORGANIZATIONNAME = "Jesús Antonio Gil";
				TargetAttributes = {
					0BA5623A1CA9096F009904C1 = {
						CreatedOnToolsVersion = 7.3;
					};
				};
			};
			buildConfigurationList = 0BA562361CA9096F009904C1 /* Build configuration list for PBXProject "OnTheMap" */;
			compatibilityVersion = "Xcode 3.2";
			developmentRegion = English;
			hasScannedForEncodings = 0;
			knownRegions = (
				en,
				Base,
			);
			mainGroup = 0BA562321CA9096F009904C1;
			productRefGroup = 0BA5623C1CA9096F009904C1 /* Products */;
			projectDirPath = "";
			projectRoot = "";
			targets = (
				0BA5623A1CA9096F009904C1 /* OnTheMap */,
			);
		};
/* End PBXProject section */

/* Begin PBXResourcesBuildPhase section */
		0BA562391CA9096F009904C1 /* Resources */ = {
			isa = PBXResourcesBuildPhase;
			buildActionMask = 2147483647;
			files = (
				0BA562491CA9096F009904C1 /* LaunchScreen.storyboard in Resources */,
				0BA562461CA9096F009904C1 /* Assets.xcassets in Resources */,
				0BA562441CA9096F009904C1 /* Main.storyboard in Resources */,
			);
			runOnlyForDeploymentPostprocessing = 0;
		};
/* End PBXResourcesBuildPhase section */

/* Begin PBXShellScriptBuildPhase section */
		2F21F3E564E981C27100B8E9 /* Embed Pods Frameworks */ = {
			isa = PBXShellScriptBuildPhase;
			buildActionMask = 2147483647;
			files = (
			);
			inputPaths = (
			);
			name = "Embed Pods Frameworks";
			outputPaths = (
			);
			runOnlyForDeploymentPostprocessing = 0;
			shellPath = /bin/sh;
			shellScript = "\"${SRCROOT}/Pods/Target Support Files/Pods-OnTheMap/Pods-OnTheMap-frameworks.sh\"\n";
			showEnvVarsInLog = 0;
		};
		8626779076B9ADE833DAC0AD /* Check Pods Manifest.lock */ = {
			isa = PBXShellScriptBuildPhase;
			buildActionMask = 2147483647;
			files = (
			);
			inputPaths = (
			);
			name = "Check Pods Manifest.lock";
			outputPaths = (
			);
			runOnlyForDeploymentPostprocessing = 0;
			shellPath = /bin/sh;
			shellScript = "diff \"${PODS_ROOT}/../Podfile.lock\" \"${PODS_ROOT}/Manifest.lock\" > /dev/null\nif [[ $? != 0 ]] ; then\n    cat << EOM\nerror: The sandbox is not in sync with the Podfile.lock. Run 'pod install' or update your CocoaPods installation.\nEOM\n    exit 1\nfi\n";
			showEnvVarsInLog = 0;
		};
		D9A8DA3DC30B1C989295C793 /* Copy Pods Resources */ = {
			isa = PBXShellScriptBuildPhase;
			buildActionMask = 2147483647;
			files = (
			);
			inputPaths = (
			);
			name = "Copy Pods Resources";
			outputPaths = (
			);
			runOnlyForDeploymentPostprocessing = 0;
			shellPath = /bin/sh;
			shellScript = "\"${SRCROOT}/Pods/Target Support Files/Pods-OnTheMap/Pods-OnTheMap-resources.sh\"\n";
			showEnvVarsInLog = 0;
		};
/* End PBXShellScriptBuildPhase section */

/* Begin PBXSourcesBuildPhase section */
		0BA562371CA9096F009904C1 /* Sources */ = {
			isa = PBXSourcesBuildPhase;
			buildActionMask = 2147483647;
			files = (
				0B5D46481CAAA8DC00BCF201 /* ListViewController.swift in Sources */,
				0B53B8671CAA6293007A30AD /* HelperAssembly.swift in Sources */,
				0BA5625C1CA9545C009904C1 /* LoginPresenterProtocol.swift in Sources */,
				0B5D46361CAA89A800BCF201 /* LogoutInteractor.swift in Sources */,
				0B5D46451CAA9AB100BCF201 /* StudentLocationsResponse.swift in Sources */,
				0B5FE5851CA968A6003624FB /* LoginDTO.swift in Sources */,
				0B53B8651CAA615D007A30AD /* MapperHelper.swift in Sources */,
				0B6A80541CAC12FA000AB2F3 /* LocationViewController.swift in Sources */,
				0B6A80591CAC17F4000AB2F3 /* LinkViewController.swift in Sources */,
				0B5FE5891CA969AD003624FB /* URLProvider.swift in Sources */,
				0B5D46411CAA98AC00BCF201 /* StudentLocationsInteractorProtocol.swift in Sources */,
				0BA5625A1CA95451009904C1 /* LoginPresenter.swift in Sources */,
				0B5D46431CAA994A00BCF201 /* StudentLocation.swift in Sources */,
				0B5FE5811CA9676C003624FB /* RequestClient.swift in Sources */,
				0B5D463F1CAA98A100BCF201 /* StudentLocationsInteractor.swift in Sources */,
				0B5D46311CAA87B700BCF201 /* MapPresenter.swift in Sources */,
				0B5D462F1CAA87A900BCF201 /* MapViewController.swift in Sources */,
				0BA562581CA95433009904C1 /* LoginViewController.swift in Sources */,
				0B5D463C1CAA938300BCF201 /* LogoutSession.swift in Sources */,
				0BA5623F1CA9096F009904C1 /* AppDelegate.swift in Sources */,
				0B53B85E1CAA5EFB007A30AD /* Session.swift in Sources */,
				0BA562541CA95387009904C1 /* ControllerAssembly.swift in Sources */,
				0B53B8571CAA58B5007A30AD /* LoginInteractor.swift in Sources */,
				0B5D46381CAA89B100BCF201 /* LogoutInteractorProtocol.swift in Sources */,
				0B53B8591CAA58C0007A30AD /* LoginInteractorProtocol.swift in Sources */,
				0B53B85B1CAA5A10007A30AD /* InteractorAssembly.swift in Sources */,
				0B5FE5871CA9695D003624FB /* URLEndpoint.swift in Sources */,
				0B53B8621CAA606C007A30AD /* LoginSession.swift in Sources */,
				0B53B8601CAA6018007A30AD /* Account.swift in Sources */,
			);
			runOnlyForDeploymentPostprocessing = 0;
		};
/* End PBXSourcesBuildPhase section */

/* Begin PBXVariantGroup section */
		0BA562421CA9096F009904C1 /* Main.storyboard */ = {
			isa = PBXVariantGroup;
			children = (
				0BA562431CA9096F009904C1 /* Base */,
			);
			name = Main.storyboard;
			sourceTree = "<group>";
		};
		0BA562471CA9096F009904C1 /* LaunchScreen.storyboard */ = {
			isa = PBXVariantGroup;
			children = (
				0BA562481CA9096F009904C1 /* Base */,
			);
			name = LaunchScreen.storyboard;
			sourceTree = "<group>";
		};
/* End PBXVariantGroup section */

/* Begin XCBuildConfiguration section */
		0BA5624B1CA9096F009904C1 /* Debug */ = {
			isa = XCBuildConfiguration;
			buildSettings = {
				ALWAYS_SEARCH_USER_PATHS = NO;
				CLANG_ANALYZER_NONNULL = YES;
				CLANG_CXX_LANGUAGE_STANDARD = "gnu++0x";
				CLANG_CXX_LIBRARY = "libc++";
				CLANG_ENABLE_MODULES = YES;
				CLANG_ENABLE_OBJC_ARC = YES;
				CLANG_WARN_BOOL_CONVERSION = YES;
				CLANG_WARN_CONSTANT_CONVERSION = YES;
				CLANG_WARN_DIRECT_OBJC_ISA_USAGE = YES_ERROR;
				CLANG_WARN_EMPTY_BODY = YES;
				CLANG_WARN_ENUM_CONVERSION = YES;
				CLANG_WARN_INT_CONVERSION = YES;
				CLANG_WARN_OBJC_ROOT_CLASS = YES_ERROR;
				CLANG_WARN_UNREACHABLE_CODE = YES;
				CLANG_WARN__DUPLICATE_METHOD_MATCH = YES;
				"CODE_SIGN_IDENTITY[sdk=iphoneos*]" = "iPhone Developer";
				COPY_PHASE_STRIP = NO;
				DEBUG_INFORMATION_FORMAT = dwarf;
				ENABLE_STRICT_OBJC_MSGSEND = YES;
				ENABLE_TESTABILITY = YES;
				GCC_C_LANGUAGE_STANDARD = gnu99;
				GCC_DYNAMIC_NO_PIC = NO;
				GCC_NO_COMMON_BLOCKS = YES;
				GCC_OPTIMIZATION_LEVEL = 0;
				GCC_PREPROCESSOR_DEFINITIONS = (
					"DEBUG=1",
					"$(inherited)",
				);
				GCC_WARN_64_TO_32_BIT_CONVERSION = YES;
				GCC_WARN_ABOUT_RETURN_TYPE = YES_ERROR;
				GCC_WARN_UNDECLARED_SELECTOR = YES;
				GCC_WARN_UNINITIALIZED_AUTOS = YES_AGGRESSIVE;
				GCC_WARN_UNUSED_FUNCTION = YES;
				GCC_WARN_UNUSED_VARIABLE = YES;
				IPHONEOS_DEPLOYMENT_TARGET = 9.3;
				MTL_ENABLE_DEBUG_INFO = YES;
				ONLY_ACTIVE_ARCH = YES;
				SDKROOT = iphoneos;
				SWIFT_OPTIMIZATION_LEVEL = "-Onone";
			};
			name = Debug;
		};
		0BA5624C1CA9096F009904C1 /* Release */ = {
			isa = XCBuildConfiguration;
			buildSettings = {
				ALWAYS_SEARCH_USER_PATHS = NO;
				CLANG_ANALYZER_NONNULL = YES;
				CLANG_CXX_LANGUAGE_STANDARD = "gnu++0x";
				CLANG_CXX_LIBRARY = "libc++";
				CLANG_ENABLE_MODULES = YES;
				CLANG_ENABLE_OBJC_ARC = YES;
				CLANG_WARN_BOOL_CONVERSION = YES;
				CLANG_WARN_CONSTANT_CONVERSION = YES;
				CLANG_WARN_DIRECT_OBJC_ISA_USAGE = YES_ERROR;
				CLANG_WARN_EMPTY_BODY = YES;
				CLANG_WARN_ENUM_CONVERSION = YES;
				CLANG_WARN_INT_CONVERSION = YES;
				CLANG_WARN_OBJC_ROOT_CLASS = YES_ERROR;
				CLANG_WARN_UNREACHABLE_CODE = YES;
				CLANG_WARN__DUPLICATE_METHOD_MATCH = YES;
				"CODE_SIGN_IDENTITY[sdk=iphoneos*]" = "iPhone Developer";
				COPY_PHASE_STRIP = NO;
				DEBUG_INFORMATION_FORMAT = "dwarf-with-dsym";
				ENABLE_NS_ASSERTIONS = NO;
				ENABLE_STRICT_OBJC_MSGSEND = YES;
				GCC_C_LANGUAGE_STANDARD = gnu99;
				GCC_NO_COMMON_BLOCKS = YES;
				GCC_WARN_64_TO_32_BIT_CONVERSION = YES;
				GCC_WARN_ABOUT_RETURN_TYPE = YES_ERROR;
				GCC_WARN_UNDECLARED_SELECTOR = YES;
				GCC_WARN_UNINITIALIZED_AUTOS = YES_AGGRESSIVE;
				GCC_WARN_UNUSED_FUNCTION = YES;
				GCC_WARN_UNUSED_VARIABLE = YES;
				IPHONEOS_DEPLOYMENT_TARGET = 9.3;
				MTL_ENABLE_DEBUG_INFO = NO;
				SDKROOT = iphoneos;
				VALIDATE_PRODUCT = YES;
			};
			name = Release;
		};
		0BA5624E1CA9096F009904C1 /* Debug */ = {
			isa = XCBuildConfiguration;
			baseConfigurationReference = 8B38097C72B8EA14971B94D2 /* Pods-OnTheMap.debug.xcconfig */;
			buildSettings = {
				ASSETCATALOG_COMPILER_APPICON_NAME = AppIcon;
				INFOPLIST_FILE = OnTheMap/Info.plist;
				LD_RUNPATH_SEARCH_PATHS = "$(inherited) @executable_path/Frameworks";
				PRODUCT_BUNDLE_IDENTIFIER = com.innocv.OnTheMap;
				PRODUCT_NAME = "$(TARGET_NAME)";
			};
			name = Debug;
		};
		0BA5624F1CA9096F009904C1 /* Release */ = {
			isa = XCBuildConfiguration;
			baseConfigurationReference = A45BE7197C20D419381FE285 /* Pods-OnTheMap.release.xcconfig */;
			buildSettings = {
				ASSETCATALOG_COMPILER_APPICON_NAME = AppIcon;
				INFOPLIST_FILE = OnTheMap/Info.plist;
				LD_RUNPATH_SEARCH_PATHS = "$(inherited) @executable_path/Frameworks";
				PRODUCT_BUNDLE_IDENTIFIER = com.innocv.OnTheMap;
				PRODUCT_NAME = "$(TARGET_NAME)";
			};
			name = Release;
		};
/* End XCBuildConfiguration section */

/* Begin XCConfigurationList section */
		0BA562361CA9096F009904C1 /* Build configuration list for PBXProject "OnTheMap" */ = {
			isa = XCConfigurationList;
			buildConfigurations = (
				0BA5624B1CA9096F009904C1 /* Debug */,
				0BA5624C1CA9096F009904C1 /* Release */,
			);
			defaultConfigurationIsVisible = 0;
			defaultConfigurationName = Release;
		};
		0BA5624D1CA9096F009904C1 /* Build configuration list for PBXNativeTarget "OnTheMap" */ = {
			isa = XCConfigurationList;
			buildConfigurations = (
				0BA5624E1CA9096F009904C1 /* Debug */,
				0BA5624F1CA9096F009904C1 /* Release */,
			);
			defaultConfigurationIsVisible = 0;
			defaultConfigurationName = Release;
		};
/* End XCConfigurationList section */
	};
	rootObject = 0BA562331CA9096F009904C1 /* Project object */;
}
